
Microsoft Visual Studio Solution File, Format Version 12.00
# Visual Studio 15
VisualStudioVersion = 15.0.28107.0
MinimumVisualStudioVersion = 10.0.40219.1
Project("{9A19103F-16F7-4668-BE54-9A1E7A4F7556}") = "ServiceGovernance.Registry.EntityFramework", "src\ServiceGovernance.Registry.EntityFramework\ServiceGovernance.Registry.EntityFramework.csproj", "{8D2E0215-D438-4ECD-9AC8-78815F2519E5}"
EndProject
Project("{9A19103F-16F7-4668-BE54-9A1E7A4F7556}") = "ServiceGovernance.Registry.EntityFramework.Tests", "tests\ServiceGovernance.Registry.EntityFramework.Tests\ServiceGovernance.Registry.EntityFramework.Tests.csproj", "{F6043908-0D4A-4104-9A36-95B12237A7A1}"
EndProject
Global
	GlobalSection(SolutionConfigurationPlatforms) = preSolution
		Debug|Any CPU = Debug|Any CPU
		Release|Any CPU = Release|Any CPU
	EndGlobalSection
	GlobalSection(ProjectConfigurationPlatforms) = postSolution
		{8D2E0215-D438-4ECD-9AC8-78815F2519E5}.Debug|Any CPU.ActiveCfg = Debug|Any CPU
		{8D2E0215-D438-4ECD-9AC8-78815F2519E5}.Debug|Any CPU.Build.0 = Debug|Any CPU
		{8D2E0215-D438-4ECD-9AC8-78815F2519E5}.Release|Any CPU.ActiveCfg = Release|Any CPU
		{8D2E0215-D438-4ECD-9AC8-78815F2519E5}.Release|Any CPU.Build.0 = Release|Any CPU
		{F6043908-0D4A-4104-9A36-95B12237A7A1}.Debug|Any CPU.ActiveCfg = Debug|Any CPU
		{F6043908-0D4A-4104-9A36-95B12237A7A1}.Debug|Any CPU.Build.0 = Debug|Any CPU
		{F6043908-0D4A-4104-9A36-95B12237A7A1}.Release|Any CPU.ActiveCfg = Release|Any CPU
		{F6043908-0D4A-4104-9A36-95B12237A7A1}.Release|Any CPU.Build.0 = Release|Any CPU
	EndGlobalSection
	GlobalSection(SolutionProperties) = preSolution
		HideSolutionNode = FALSE
	EndGlobalSection
	GlobalSection(ExtensibilityGlobals) = postSolution
		SolutionGuid = {F5333DFB-AEAB-4EA3-93E9-A278A8CB2264}
	EndGlobalSection
EndGlobal
